PODS:
  - Flutter (1.0.0)
  - share_utils (0.0.1):
    - Flutter

DEPENDENCIES:
  - Flutter (from `Flutter`)
  - share_utils (from `.symlinks/plugins/share_utils/ios`)

EXTERNAL SOURCES:
  Flutter:
    :path: Flutter
  share_utils:
    :path: ".symlinks/plugins/share_utils/ios"

SPEC CHECKSUMS:
  Flutter: 0e3d915762c693b495b44d77113d4970485de6ec
  share_utils: 9090bb3e9ab6e1d6f6a28ec398952319cf86bead

PODFILE CHECKSUM: f32fb4e7c14f8b3ca19a369d7be425dd9241af27

COCOAPODS: 1.9.3
