PODS:
  - Flutter (1.0.0)
  - share_utils (1.0.0):
    - Flutter

DEPENDENCIES:
  - Flutter (from `Flutter`)
  - share_utils (from `.symlinks/plugins/share_utils/ios`)

EXTERNAL SOURCES:
  Flutter:
    :path: Flutter
  share_utils:
    :path: ".symlinks/plugins/share_utils/ios"

SPEC CHECKSUMS:
  Flutter: 434fef37c0980e73bb6479ef766c45957d4b510c
  share_utils: 4d31a369b6e7954f30b10b8bc3ac0d4b95dd71c1

PODFILE CHECKSUM: 8e679eca47255a8ca8067c4c67aab20e64cb974d

COCOAPODS: 1.10.1
