PODS:
  - FlutterMacOS (1.0.0)
  - share_utils (0.0.1):
    - FlutterMacOS

DEPENDENCIES:
  - FlutterMacOS (from `Flutter/ephemeral/.symlinks/flutter/darwin-x64`)
  - share_utils (from `Flutter/ephemeral/.symlinks/plugins/share_utils/macos`)

EXTERNAL SOURCES:
  FlutterMacOS:
    :path: Flutter/ephemeral/.symlinks/flutter/darwin-x64
  share_utils:
    :path: Flutter/ephemeral/.symlinks/plugins/share_utils/macos

SPEC CHECKSUMS:
  FlutterMacOS: 15bea8a44d2fa024068daa0140371c020b4b6ff9
  share_utils: 083a4de5af4fd617de9ba0d27c47bc084e4998e3

PODFILE CHECKSUM: d8ba9b3e9e93c62c74a660b46c6fcb09f03991a7

COCOAPODS: 1.9.3
